
Microsoft Visual Studio Solution File, Format Version 12.00
# Visual Studio Version 16
VisualStudioVersion = 16.0.31410.357
MinimumVisualStudioVersion = 10.0.40219.1
Project("{FAE04EC0-301F-11D3-BF4B-00C04F79EFBC}") = "Baitap", "Baitap\Baitap.csproj", "{95C58BA0-B83B-4388-9EE3-5354B16B6000}"
EndProject
Global
	GlobalSection(SolutionConfigurationPlatforms) = preSolution
		Debug|Any CPU = Debug|Any CPU
		Release|Any CPU = Release|Any CPU
	EndGlobalSection
	GlobalSection(ProjectConfigurationPlatforms) = postSolution
		{95C58BA0-B83B-4388-9EE3-5354B16B6000}.Debug|Any CPU.ActiveCfg = Debug|Any CPU
		{95C58BA0-B83B-4388-9EE3-5354B16B6000}.Debug|Any CPU.Build.0 = Debug|Any CPU
		{95C58BA0-B83B-4388-9EE3-5354B16B6000}.Release|Any CPU.ActiveCfg = Release|Any CPU
		{95C58BA0-B83B-4388-9EE3-5354B16B6000}.Release|Any CPU.Build.0 = Release|Any CPU
	EndGlobalSection
	GlobalSection(SolutionProperties) = preSolution
		HideSolutionNode = FALSE
	EndGlobalSection
	GlobalSection(ExtensibilityGlobals) = postSolution
		SolutionGuid = {3522A3C3-A085-44AD-AA0A-CB81C9124B38}
	EndGlobalSection
EndGlobal
